
Microsoft Visual Studio Solution File, Format Version 12.00
# Visual Studio Version 17
VisualStudioVersion = 17.4.33213.308
MinimumVisualStudioVersion = 10.0.40219.1
Project("{9A19103F-16F7-4668-BE54-9A1E7A4F7556}") = "UltiLib", "UltiLib\UltiLib.csproj", "{776C2A3C-8812-43E6-8181-BDF28B8B88A8}"
EndProject
Project("{9A19103F-16F7-4668-BE54-9A1E7A4F7556}") = "KnockoutBarsCMT", "KnockoutBarsCMT\KnockoutBarsCMT.csproj", "{BBCA349F-30E4-41DD-9DB5-C05709342089}"
EndProject
Project("{9A19103F-16F7-4668-BE54-9A1E7A4F7556}") = "CementSummaryHider", "CementSummaryHider\CementSummaryHider.csproj", "{8A4C08FF-D9D3-4442-9DFE-3412CA3D1C6B}"
EndProject
Project("{9A19103F-16F7-4668-BE54-9A1E7A4F7556}") = "CoagulationChaosMod", "CoagulationChaosMod\CoagulationChaosMod.csproj", "{4BF2B5C2-1AA1-42B0-872D-5886192A4C84}"
EndProject
Project("{9A19103F-16F7-4668-BE54-9A1E7A4F7556}") = "IncreasedWinLimit", "IncreasedWinLimit\IncreasedWinLimit.csproj", "{034CB603-6438-4522-BF7B-B405EA981476}"
EndProject
Project("{9A19103F-16F7-4668-BE54-9A1E7A4F7556}") = "CustomCosmeticsMod", "CustomCosmeticsMod\CustomCosmeticsMod.csproj", "{B6D0315B-1D60-4236-950B-E958620FD9D8}"
EndProject
Project("{9A19103F-16F7-4668-BE54-9A1E7A4F7556}") = "KnockoutBarsML", "KnockoutBarsML\KnockoutBarsML.csproj", "{FA6CBAC4-FB3C-47FD-BB56-91F86E659A6E}"
EndProject
Global
	GlobalSection(SolutionConfigurationPlatforms) = preSolution
		Debug|Any CPU = Debug|Any CPU
		Release|Any CPU = Release|Any CPU
	EndGlobalSection
	GlobalSection(ProjectConfigurationPlatforms) = postSolution
		{776C2A3C-8812-43E6-8181-BDF28B8B88A8}.Debug|Any CPU.ActiveCfg = Debug|Any CPU
		{776C2A3C-8812-43E6-8181-BDF28B8B88A8}.Debug|Any CPU.Build.0 = Debug|Any CPU
		{776C2A3C-8812-43E6-8181-BDF28B8B88A8}.Release|Any CPU.ActiveCfg = Release|Any CPU
		{776C2A3C-8812-43E6-8181-BDF28B8B88A8}.Release|Any CPU.Build.0 = Release|Any CPU
		{BBCA349F-30E4-41DD-9DB5-C05709342089}.Debug|Any CPU.ActiveCfg = Debug|Any CPU
		{BBCA349F-30E4-41DD-9DB5-C05709342089}.Debug|Any CPU.Build.0 = Debug|Any CPU
		{BBCA349F-30E4-41DD-9DB5-C05709342089}.Release|Any CPU.ActiveCfg = Release|Any CPU
		{BBCA349F-30E4-41DD-9DB5-C05709342089}.Release|Any CPU.Build.0 = Release|Any CPU
		{8A4C08FF-D9D3-4442-9DFE-3412CA3D1C6B}.Debug|Any CPU.ActiveCfg = Debug|Any CPU
		{8A4C08FF-D9D3-4442-9DFE-3412CA3D1C6B}.Debug|Any CPU.Build.0 = Debug|Any CPU
		{8A4C08FF-D9D3-4442-9DFE-3412CA3D1C6B}.Release|Any CPU.ActiveCfg = Release|Any CPU
		{8A4C08FF-D9D3-4442-9DFE-3412CA3D1C6B}.Release|Any CPU.Build.0 = Release|Any CPU
		{4BF2B5C2-1AA1-42B0-872D-5886192A4C84}.Debug|Any CPU.ActiveCfg = Debug|Any CPU
		{4BF2B5C2-1AA1-42B0-872D-5886192A4C84}.Debug|Any CPU.Build.0 = Debug|Any CPU
		{4BF2B5C2-1AA1-42B0-872D-5886192A4C84}.Release|Any CPU.ActiveCfg = Release|Any CPU
		{4BF2B5C2-1AA1-42B0-872D-5886192A4C84}.Release|Any CPU.Build.0 = Release|Any CPU
		{034CB603-6438-4522-BF7B-B405EA981476}.Debug|Any CPU.ActiveCfg = Debug|Any CPU
		{034CB603-6438-4522-BF7B-B405EA981476}.Debug|Any CPU.Build.0 = Debug|Any CPU
		{034CB603-6438-4522-BF7B-B405EA981476}.Release|Any CPU.ActiveCfg = Release|Any CPU
		{034CB603-6438-4522-BF7B-B405EA981476}.Release|Any CPU.Build.0 = Release|Any CPU
		{B6D0315B-1D60-4236-950B-E958620FD9D8}.Debug|Any CPU.ActiveCfg = Debug|Any CPU
		{B6D0315B-1D60-4236-950B-E958620FD9D8}.Debug|Any CPU.Build.0 = Debug|Any CPU
		{B6D0315B-1D60-4236-950B-E958620FD9D8}.Release|Any CPU.ActiveCfg = Release|Any CPU
		{B6D0315B-1D60-4236-950B-E958620FD9D8}.Release|Any CPU.Build.0 = Release|Any CPU
		{FA6CBAC4-FB3C-47FD-BB56-91F86E659A6E}.Debug|Any CPU.ActiveCfg = Debug|Any CPU
		{FA6CBAC4-FB3C-47FD-BB56-91F86E659A6E}.Debug|Any CPU.Build.0 = Debug|Any CPU
		{FA6CBAC4-FB3C-47FD-BB56-91F86E659A6E}.Release|Any CPU.ActiveCfg = Release|Any CPU
		{FA6CBAC4-FB3C-47FD-BB56-91F86E659A6E}.Release|Any CPU.Build.0 = Release|Any CPU
	EndGlobalSection
	GlobalSection(SolutionProperties) = preSolution
		HideSolutionNode = FALSE
	EndGlobalSection
	GlobalSection(ExtensibilityGlobals) = postSolution
		SolutionGuid = {F7F07BA2-033A-41E0-9E7D-0A1F39D5CBE9}
	EndGlobalSection
EndGlobal
