
Microsoft Visual Studio Solution File, Format Version 12.00
# Visual Studio Version 17
VisualStudioVersion = 17.4.33213.308
MinimumVisualStudioVersion = 10.0.40219.1
Project("{9A19103F-16F7-4668-BE54-9A1E7A4F7556}") = "UltiLib", "UltiLib\UltiLib.csproj", "{776C2A3C-8812-43E6-8181-BDF28B8B88A8}"
EndProject
Project("{9A19103F-16F7-4668-BE54-9A1E7A4F7556}") = "KnockoutBars", "KnockoutBars\KnockoutBars.csproj", "{4F51152B-0741-4DB9-B7F4-408D6D6D7750}"
EndProject
Project("{FAE04EC0-301F-11D3-BF4B-00C04F79EFBC}") = "CementFixes", "CementFixes\CementFixes.csproj", "{088FA258-F51D-4C84-B7F0-5E744E4CC693}"
EndProject
Project("{2150E333-8FDC-42A3-9474-1A3956D46DE8}") = "CementMods", "CementMods", "{8637B09C-B961-4389-B1C1-A2D850A35EB5}"
EndProject
Project("{FAE04EC0-301F-11D3-BF4B-00C04F79EFBC}") = "KnockoutBarsCMT", "KnockoutBarsCMT\KnockoutBarsCMT.csproj", "{97FC8795-D396-4B26-A966-FBBDE3F63D8F}"
EndProject
Global
	GlobalSection(SolutionConfigurationPlatforms) = preSolution
		Debug|Any CPU = Debug|Any CPU
		Release|Any CPU = Release|Any CPU
	EndGlobalSection
	GlobalSection(ProjectConfigurationPlatforms) = postSolution
		{776C2A3C-8812-43E6-8181-BDF28B8B88A8}.Debug|Any CPU.ActiveCfg = Debug|Any CPU
		{776C2A3C-8812-43E6-8181-BDF28B8B88A8}.Debug|Any CPU.Build.0 = Debug|Any CPU
		{776C2A3C-8812-43E6-8181-BDF28B8B88A8}.Release|Any CPU.ActiveCfg = Release|Any CPU
		{776C2A3C-8812-43E6-8181-BDF28B8B88A8}.Release|Any CPU.Build.0 = Release|Any CPU
		{4F51152B-0741-4DB9-B7F4-408D6D6D7750}.Debug|Any CPU.ActiveCfg = Debug|Any CPU
		{4F51152B-0741-4DB9-B7F4-408D6D6D7750}.Debug|Any CPU.Build.0 = Debug|Any CPU
		{4F51152B-0741-4DB9-B7F4-408D6D6D7750}.Release|Any CPU.ActiveCfg = Release|Any CPU
		{4F51152B-0741-4DB9-B7F4-408D6D6D7750}.Release|Any CPU.Build.0 = Release|Any CPU
		{088FA258-F51D-4C84-B7F0-5E744E4CC693}.Debug|Any CPU.ActiveCfg = Debug|Any CPU
		{088FA258-F51D-4C84-B7F0-5E744E4CC693}.Debug|Any CPU.Build.0 = Debug|Any CPU
		{088FA258-F51D-4C84-B7F0-5E744E4CC693}.Release|Any CPU.ActiveCfg = Release|Any CPU
		{088FA258-F51D-4C84-B7F0-5E744E4CC693}.Release|Any CPU.Build.0 = Release|Any CPU
		{97FC8795-D396-4B26-A966-FBBDE3F63D8F}.Debug|Any CPU.ActiveCfg = Debug|Any CPU
		{97FC8795-D396-4B26-A966-FBBDE3F63D8F}.Debug|Any CPU.Build.0 = Debug|Any CPU
		{97FC8795-D396-4B26-A966-FBBDE3F63D8F}.Release|Any CPU.ActiveCfg = Release|Any CPU
		{97FC8795-D396-4B26-A966-FBBDE3F63D8F}.Release|Any CPU.Build.0 = Release|Any CPU
	EndGlobalSection
	GlobalSection(SolutionProperties) = preSolution
		HideSolutionNode = FALSE
	EndGlobalSection
	GlobalSection(NestedProjects) = preSolution
		{97FC8795-D396-4B26-A966-FBBDE3F63D8F} = {8637B09C-B961-4389-B1C1-A2D850A35EB5}
	EndGlobalSection
	GlobalSection(ExtensibilityGlobals) = postSolution
		SolutionGuid = {F7F07BA2-033A-41E0-9E7D-0A1F39D5CBE9}
	EndGlobalSection
EndGlobal
