
Microsoft Visual Studio Solution File, Format Version 12.00
# Visual Studio Version 17
VisualStudioVersion = 17.4.33213.308
MinimumVisualStudioVersion = 10.0.40219.1
Project("{9A19103F-16F7-4668-BE54-9A1E7A4F7556}") = "UltiLib", "UltiLib\UltiLib.csproj", "{776C2A3C-8812-43E6-8181-BDF28B8B88A8}"
EndProject
Project("{9A19103F-16F7-4668-BE54-9A1E7A4F7556}") = "KnockoutBars", "KnockoutBars\KnockoutBars.csproj", "{4F51152B-0741-4DB9-B7F4-408D6D6D7750}"
EndProject
Global
	GlobalSection(SolutionConfigurationPlatforms) = preSolution
		Debug|Any CPU = Debug|Any CPU
		Release|Any CPU = Release|Any CPU
	EndGlobalSection
	GlobalSection(ProjectConfigurationPlatforms) = postSolution
		{776C2A3C-8812-43E6-8181-BDF28B8B88A8}.Debug|Any CPU.ActiveCfg = Debug|Any CPU
		{776C2A3C-8812-43E6-8181-BDF28B8B88A8}.Debug|Any CPU.Build.0 = Debug|Any CPU
		{776C2A3C-8812-43E6-8181-BDF28B8B88A8}.Release|Any CPU.ActiveCfg = Release|Any CPU
		{776C2A3C-8812-43E6-8181-BDF28B8B88A8}.Release|Any CPU.Build.0 = Release|Any CPU
		{4F51152B-0741-4DB9-B7F4-408D6D6D7750}.Debug|Any CPU.ActiveCfg = Debug|Any CPU
		{4F51152B-0741-4DB9-B7F4-408D6D6D7750}.Debug|Any CPU.Build.0 = Debug|Any CPU
		{4F51152B-0741-4DB9-B7F4-408D6D6D7750}.Release|Any CPU.ActiveCfg = Release|Any CPU
		{4F51152B-0741-4DB9-B7F4-408D6D6D7750}.Release|Any CPU.Build.0 = Release|Any CPU
	EndGlobalSection
	GlobalSection(SolutionProperties) = preSolution
		HideSolutionNode = FALSE
	EndGlobalSection
	GlobalSection(ExtensibilityGlobals) = postSolution
		SolutionGuid = {F7F07BA2-033A-41E0-9E7D-0A1F39D5CBE9}
	EndGlobalSection
EndGlobal
